
Microsoft Visual Studio Solution File, Format Version 12.00
# Visual Studio Version 17
VisualStudioVersion = 17.9.34728.123
MinimumVisualStudioVersion = 10.0.40219.1
Project("{FAE04EC0-301F-11D3-BF4B-00C04F79EFBC}") = "IndrivoTest", "IndrivoTest\IndrivoTest.csproj", "{F345F6C5-4CEA-4EED-ADBD-872C922996C5}"
EndProject
Global
	GlobalSection(SolutionConfigurationPlatforms) = preSolution
		Debug|Any CPU = Debug|Any CPU
		Release|Any CPU = Release|Any CPU
	EndGlobalSection
	GlobalSection(ProjectConfigurationPlatforms) = postSolution
		{F345F6C5-4CEA-4EED-ADBD-872C922996C5}.Debug|Any CPU.ActiveCfg = Debug|Any CPU
		{F345F6C5-4CEA-4EED-ADBD-872C922996C5}.Debug|Any CPU.Build.0 = Debug|Any CPU
		{F345F6C5-4CEA-4EED-ADBD-872C922996C5}.Release|Any CPU.ActiveCfg = Release|Any CPU
		{F345F6C5-4CEA-4EED-ADBD-872C922996C5}.Release|Any CPU.Build.0 = Release|Any CPU
	EndGlobalSection
	GlobalSection(SolutionProperties) = preSolution
		HideSolutionNode = FALSE
	EndGlobalSection
	GlobalSection(ExtensibilityGlobals) = postSolution
		SolutionGuid = {B7840A1D-57BB-4462-8977-400EAEEB3C86}
	EndGlobalSection
EndGlobal
